
Microsoft Visual Studio Solution File, Format Version 12.00
# Visual Studio Version 17
VisualStudioVersion = 17.8.34309.116
MinimumVisualStudioVersion = 10.0.40219.1
Project("{8BC9CEB8-8B4A-11D0-8D11-00A0C91BC942}") = "Ex-1", "Lab12.vcxproj", "{42ACD211-9250-40AD-8A9E-D56B149AC8EB}"
EndProject
Project("{8BC9CEB8-8B4A-11D0-8D11-00A0C91BC942}") = "Ex-2", "..\Ex-2\Ex-2.vcxproj", "{BDB129E1-9281-4DE7-8B4F-6C0901342A2C}"
EndProject
Project("{8BC9CEB8-8B4A-11D0-8D11-00A0C91BC942}") = "Ex-3", "..\Ex-3\Ex-3.vcxproj", "{A2E0B2D1-FE9B-4A5B-9C3C-61C221DEDCDA}"
EndProject
Global
	GlobalSection(SolutionConfigurationPlatforms) = preSolution
		Debug|x64 = Debug|x64
		Debug|x86 = Debug|x86
		Release|x64 = Release|x64
		Release|x86 = Release|x86
	EndGlobalSection
	GlobalSection(ProjectConfigurationPlatforms) = postSolution
		{42ACD211-9250-40AD-8A9E-D56B149AC8EB}.Debug|x64.ActiveCfg = Debug|x64
		{42ACD211-9250-40AD-8A9E-D56B149AC8EB}.Debug|x64.Build.0 = Debug|x64
		{42ACD211-9250-40AD-8A9E-D56B149AC8EB}.Debug|x86.ActiveCfg = Debug|Win32
		{42ACD211-9250-40AD-8A9E-D56B149AC8EB}.Debug|x86.Build.0 = Debug|Win32
		{42ACD211-9250-40AD-8A9E-D56B149AC8EB}.Release|x64.ActiveCfg = Release|x64
		{42ACD211-9250-40AD-8A9E-D56B149AC8EB}.Release|x64.Build.0 = Release|x64
		{42ACD211-9250-40AD-8A9E-D56B149AC8EB}.Release|x86.ActiveCfg = Release|Win32
		{42ACD211-9250-40AD-8A9E-D56B149AC8EB}.Release|x86.Build.0 = Release|Win32
		{BDB129E1-9281-4DE7-8B4F-6C0901342A2C}.Debug|x64.ActiveCfg = Debug|x64
		{BDB129E1-9281-4DE7-8B4F-6C0901342A2C}.Debug|x64.Build.0 = Debug|x64
		{BDB129E1-9281-4DE7-8B4F-6C0901342A2C}.Debug|x86.ActiveCfg = Debug|Win32
		{BDB129E1-9281-4DE7-8B4F-6C0901342A2C}.Debug|x86.Build.0 = Debug|Win32
		{BDB129E1-9281-4DE7-8B4F-6C0901342A2C}.Release|x64.ActiveCfg = Release|x64
		{BDB129E1-9281-4DE7-8B4F-6C0901342A2C}.Release|x64.Build.0 = Release|x64
		{BDB129E1-9281-4DE7-8B4F-6C0901342A2C}.Release|x86.ActiveCfg = Release|Win32
		{BDB129E1-9281-4DE7-8B4F-6C0901342A2C}.Release|x86.Build.0 = Release|Win32
		{A2E0B2D1-FE9B-4A5B-9C3C-61C221DEDCDA}.Debug|x64.ActiveCfg = Debug|x64
		{A2E0B2D1-FE9B-4A5B-9C3C-61C221DEDCDA}.Debug|x64.Build.0 = Debug|x64
		{A2E0B2D1-FE9B-4A5B-9C3C-61C221DEDCDA}.Debug|x86.ActiveCfg = Debug|Win32
		{A2E0B2D1-FE9B-4A5B-9C3C-61C221DEDCDA}.Debug|x86.Build.0 = Debug|Win32
		{A2E0B2D1-FE9B-4A5B-9C3C-61C221DEDCDA}.Release|x64.ActiveCfg = Release|x64
		{A2E0B2D1-FE9B-4A5B-9C3C-61C221DEDCDA}.Release|x64.Build.0 = Release|x64
		{A2E0B2D1-FE9B-4A5B-9C3C-61C221DEDCDA}.Release|x86.ActiveCfg = Release|Win32
		{A2E0B2D1-FE9B-4A5B-9C3C-61C221DEDCDA}.Release|x86.Build.0 = Release|Win32
	EndGlobalSection
	GlobalSection(SolutionProperties) = preSolution
		HideSolutionNode = FALSE
	EndGlobalSection
	GlobalSection(ExtensibilityGlobals) = postSolution
		SolutionGuid = {7B48F1C4-24F5-4EA4-B657-49FD644EFF7E}
	EndGlobalSection
EndGlobal
